
Microsoft Visual Studio Solution File, Format Version 12.00
# Visual Studio Version 17
VisualStudioVersion = 17.10.35122.118
MinimumVisualStudioVersion = 10.0.40219.1
Project("{FAE04EC0-301F-11D3-BF4B-00C04F79EFBC}") = "CoffeeCafeProject", "CoffeeCafeProject\CoffeeCafeProject.csproj", "{65172537-C405-4FF9-91AB-7F3EE799F094}"
EndProject
Global
	GlobalSection(SolutionConfigurationPlatforms) = preSolution
		Debug|Any CPU = Debug|Any CPU
		Release|Any CPU = Release|Any CPU
	EndGlobalSection
	GlobalSection(ProjectConfigurationPlatforms) = postSolution
		{65172537-C405-4FF9-91AB-7F3EE799F094}.Debug|Any CPU.ActiveCfg = Debug|Any CPU
		{65172537-C405-4FF9-91AB-7F3EE799F094}.Debug|Any CPU.Build.0 = Debug|Any CPU
		{65172537-C405-4FF9-91AB-7F3EE799F094}.Release|Any CPU.ActiveCfg = Release|Any CPU
		{65172537-C405-4FF9-91AB-7F3EE799F094}.Release|Any CPU.Build.0 = Release|Any CPU
	EndGlobalSection
	GlobalSection(SolutionProperties) = preSolution
		HideSolutionNode = FALSE
	EndGlobalSection
	GlobalSection(ExtensibilityGlobals) = postSolution
		SolutionGuid = {64A8A010-9317-4725-9C13-22267169F222}
	EndGlobalSection
EndGlobal
